// !$*UTF8*$!
{
	archiveVersion = 1;
	classes = {
	};
	objectVersion = 46;
	objects = {

/* Begin PBXBuildFile section */
		B507F5781A0C0CE900ABB751 /* RiverTableViewController.swift in Sources */ = {isa = PBXBuildFile; fileRef = B507F5771A0C0CE900ABB751 /* RiverTableViewController.swift */; };
		B5289A5F1A12B7D900848E9F /* Alamofire.framework in Copy Files (1 item) */ = {isa = PBXBuildFile; fileRef = B5289A591A12B75300848E9F /* Alamofire.framework */; settings = {ATTRIBUTES = (RemoveHeadersOnCopy, ); }; };
		B5289A711A12B8B900848E9F /* SwiftyJSON.framework in Copy Files (1 item) */ = {isa = PBXBuildFile; fileRef = B5289A681A12B89600848E9F /* SwiftyJSON.framework */; settings = {ATTRIBUTES = (CodeSignOnCopy, RemoveHeadersOnCopy, ); }; };
		B5289A7F1A12B93900848E9F /* AlamofireSwiftyJSON.framework in Copy Files (1 item) */ = {isa = PBXBuildFile; fileRef = B5289A7A1A12B91500848E9F /* AlamofireSwiftyJSON.framework */; settings = {ATTRIBUTES = (CodeSignOnCopy, RemoveHeadersOnCopy, ); }; };
		B533EB9E1A0ABFBA00C7FFD2 /* RiverDetailViewController.swift in Sources */ = {isa = PBXBuildFile; fileRef = B533EB9D1A0ABFBA00C7FFD2 /* RiverDetailViewController.swift */; };
		B5B658E81A097B5F0004F9EE /* AppDelegate.swift in Sources */ = {isa = PBXBuildFile; fileRef = B5B658E71A097B5F0004F9EE /* AppDelegate.swift */; };
		B5B658EA1A097B5F0004F9EE /* FirstViewController.swift in Sources */ = {isa = PBXBuildFile; fileRef = B5B658E91A097B5F0004F9EE /* FirstViewController.swift */; };
		B5B658EF1A097B5F0004F9EE /* Main.storyboard in Resources */ = {isa = PBXBuildFile; fileRef = B5B658ED1A097B5F0004F9EE /* Main.storyboard */; };
		B5B658F11A097B5F0004F9EE /* Images.xcassets in Resources */ = {isa = PBXBuildFile; fileRef = B5B658F01A097B5F0004F9EE /* Images.xcassets */; };
		B5B658F41A097B5F0004F9EE /* LaunchScreen.xib in Resources */ = {isa = PBXBuildFile; fileRef = B5B658F21A097B5F0004F9EE /* LaunchScreen.xib */; };
		B5B659001A097B5F0004F9EE /* WheresTheWaterTests.swift in Sources */ = {isa = PBXBuildFile; fileRef = B5B658FF1A097B5F0004F9EE /* WheresTheWaterTests.swift */; };
		B5B6590B1A097C780004F9EE /* WheresTheWater.xcdatamodeld in Sources */ = {isa = PBXBuildFile; fileRef = B5B659091A097C780004F9EE /* WheresTheWater.xcdatamodeld */; };
/* End PBXBuildFile section */

/* Begin PBXContainerItemProxy section */
		B5289A581A12B75300848E9F /* PBXContainerItemProxy */ = {
			isa = PBXContainerItemProxy;
			containerPortal = B5289A531A12B75300848E9F /* Alamofire.xcodeproj */;
			proxyType = 2;
			remoteGlobalIDString = F8111E3319A95C8B0040E7D1;
			remoteInfo = Alamofire;
		};
		B5289A5A1A12B75300848E9F /* PBXContainerItemProxy */ = {
			isa = PBXContainerItemProxy;
			containerPortal = B5289A531A12B75300848E9F /* Alamofire.xcodeproj */;
			proxyType = 2;
			remoteGlobalIDString = F8111E3E19A95C8B0040E7D1;
			remoteInfo = AlamofireTests;
		};
		B5289A5C1A12B7AC00848E9F /* PBXContainerItemProxy */ = {
			isa = PBXContainerItemProxy;
			containerPortal = B5289A531A12B75300848E9F /* Alamofire.xcodeproj */;
			proxyType = 1;
			remoteGlobalIDString = F8111E3219A95C8B0040E7D1;
			remoteInfo = Alamofire;
		};
		B5289A671A12B89600848E9F /* PBXContainerItemProxy */ = {
			isa = PBXContainerItemProxy;
			containerPortal = B5289A601A12B89600848E9F /* SwiftyJSON.xcodeproj */;
			proxyType = 2;
			remoteGlobalIDString = 2E4FEFDB19575BE100351305;
			remoteInfo = SwiftyJSON;
		};
		B5289A691A12B89600848E9F /* PBXContainerItemProxy */ = {
			isa = PBXContainerItemProxy;
			containerPortal = B5289A601A12B89600848E9F /* SwiftyJSON.xcodeproj */;
			proxyType = 2;
			remoteGlobalIDString = 2E4FEFE619575BE100351305;
			remoteInfo = SwiftyJSONTests;
		};
		B5289A6B1A12B89600848E9F /* PBXContainerItemProxy */ = {
			isa = PBXContainerItemProxy;
			containerPortal = B5289A601A12B89600848E9F /* SwiftyJSON.xcodeproj */;
			proxyType = 2;
			remoteGlobalIDString = 4EC1C1C91A0C1A2D0026ED0B;
			remoteInfo = SwiftyJSONOSX;
		};
		B5289A6D1A12B89600848E9F /* PBXContainerItemProxy */ = {
			isa = PBXContainerItemProxy;
			containerPortal = B5289A601A12B89600848E9F /* SwiftyJSON.xcodeproj */;
			proxyType = 2;
			remoteGlobalIDString = 4EC1C1D31A0C1A2D0026ED0B;
			remoteInfo = SwiftyJSONOSXTests;
		};
		B5289A6F1A12B8AE00848E9F /* PBXContainerItemProxy */ = {
			isa = PBXContainerItemProxy;
			containerPortal = B5289A601A12B89600848E9F /* SwiftyJSON.xcodeproj */;
			proxyType = 1;
			remoteGlobalIDString = 2E4FEFDA19575BE100351305;
			remoteInfo = SwiftyJSON;
		};
		B5289A791A12B91500848E9F /* PBXContainerItemProxy */ = {
			isa = PBXContainerItemProxy;
			containerPortal = B5289A721A12B91500848E9F /* Alamofire-SwiftyJSON.xcodeproj */;
			proxyType = 2;
			remoteGlobalIDString = A8AFB70F19D1401D0070765E;
			remoteInfo = AlamofireSwiftyJSON;
		};
		B5289A7B1A12B91500848E9F /* PBXContainerItemProxy */ = {
			isa = PBXContainerItemProxy;
			containerPortal = B5289A721A12B91500848E9F /* Alamofire-SwiftyJSON.xcodeproj */;
			proxyType = 2;
			remoteGlobalIDString = A8AFB71A19D1401D0070765E;
			remoteInfo = AlamofireSwiftyJSONTests;
		};
		B5289A7D1A12B93500848E9F /* PBXContainerItemProxy */ = {
			isa = PBXContainerItemProxy;
			containerPortal = B5289A721A12B91500848E9F /* Alamofire-SwiftyJSON.xcodeproj */;
			proxyType = 1;
			remoteGlobalIDString = A8AFB70E19D1401D0070765E;
			remoteInfo = AlamofireSwiftyJSON;
		};
		B5B658FA1A097B5F0004F9EE /* PBXContainerItemProxy */ = {
			isa = PBXContainerItemProxy;
			containerPortal = B5B658DA1A097B5F0004F9EE /* Project object */;
			proxyType = 1;
			remoteGlobalIDString = B5B658E11A097B5F0004F9EE;
			remoteInfo = WheresTheWater;
		};
/* End PBXContainerItemProxy section */

/* Begin PBXCopyFilesBuildPhase section */
		B5289A5E1A12B7B300848E9F /* Copy Files (1 item) */ = {
			isa = PBXCopyFilesBuildPhase;
			buildActionMask = 2147483647;
			dstPath = "";
			dstSubfolderSpec = 10;
			files = (
				B5289A7F1A12B93900848E9F /* AlamofireSwiftyJSON.framework in Copy Files (1 item) */,
				B5289A711A12B8B900848E9F /* SwiftyJSON.framework in Copy Files (1 item) */,
				B5289A5F1A12B7D900848E9F /* Alamofire.framework in Copy Files (1 item) */,
			);
			name = "Copy Files (1 item)";
			runOnlyForDeploymentPostprocessing = 0;
		};
/* End PBXCopyFilesBuildPhase section */

/* Begin PBXFileReference section */
		B507F5771A0C0CE900ABB751 /* RiverTableViewController.swift */ = {isa = PBXFileReference; fileEncoding = 4; lastKnownFileType = sourcecode.swift; path = RiverTableViewController.swift; sourceTree = "<group>"; };
		B5289A531A12B75300848E9F /* Alamofire.xcodeproj */ = {isa = PBXFileReference; lastKnownFileType = "wrapper.pb-project"; name = Alamofire.xcodeproj; path = Alamofire/Alamofire.xcodeproj; sourceTree = "<group>"; };
		B5289A601A12B89600848E9F /* SwiftyJSON.xcodeproj */ = {isa = PBXFileReference; lastKnownFileType = "wrapper.pb-project"; name = SwiftyJSON.xcodeproj; path = SwiftyJSON/SwiftyJSON.xcodeproj; sourceTree = "<group>"; };
		B5289A721A12B91500848E9F /* Alamofire-SwiftyJSON.xcodeproj */ = {isa = PBXFileReference; lastKnownFileType = "wrapper.pb-project"; name = "Alamofire-SwiftyJSON.xcodeproj"; path = "Alamofire-SwiftyJSON/Alamofire-SwiftyJSON.xcodeproj"; sourceTree = "<group>"; };
		B533EB9D1A0ABFBA00C7FFD2 /* RiverDetailViewController.swift */ = {isa = PBXFileReference; fileEncoding = 4; lastKnownFileType = sourcecode.swift; path = RiverDetailViewController.swift; sourceTree = "<group>"; };
		B5B658E21A097B5F0004F9EE /* WheresTheWater.app */ = {isa = PBXFileReference; explicitFileType = wrapper.application; includeInIndex = 0; path = WheresTheWater.app; sourceTree = BUILT_PRODUCTS_DIR; };
		B5B658E61A097B5F0004F9EE /* Info.plist */ = {isa = PBXFileReference; lastKnownFileType = text.plist.xml; path = Info.plist; sourceTree = "<group>"; };
		B5B658E71A097B5F0004F9EE /* AppDelegate.swift */ = {isa = PBXFileReference; lastKnownFileType = sourcecode.swift; path = AppDelegate.swift; sourceTree = "<group>"; };
		B5B658E91A097B5F0004F9EE /* FirstViewController.swift */ = {isa = PBXFileReference; lastKnownFileType = sourcecode.swift; path = FirstViewController.swift; sourceTree = "<group>"; };
		B5B658EE1A097B5F0004F9EE /* Base */ = {isa = PBXFileReference; lastKnownFileType = file.storyboard; name = Base; path = Base.lproj/Main.storyboard; sourceTree = "<group>"; };
		B5B658F01A097B5F0004F9EE /* Images.xcassets */ = {isa = PBXFileReference; lastKnownFileType = folder.assetcatalog; path = Images.xcassets; sourceTree = "<group>"; };
		B5B658F31A097B5F0004F9EE /* Base */ = {isa = PBXFileReference; lastKnownFileType = file.xib; name = Base; path = Base.lproj/LaunchScreen.xib; sourceTree = "<group>"; };
		B5B658F91A097B5F0004F9EE /* WheresTheWaterTests.xctest */ = {isa = PBXFileReference; explicitFileType = wrapper.cfbundle; includeInIndex = 0; path = WheresTheWaterTests.xctest; sourceTree = BUILT_PRODUCTS_DIR; };
		B5B658FE1A097B5F0004F9EE /* Info.plist */ = {isa = PBXFileReference; lastKnownFileType = text.plist.xml; path = Info.plist; sourceTree = "<group>"; };
		B5B658FF1A097B5F0004F9EE /* WheresTheWaterTests.swift */ = {isa = PBXFileReference; lastKnownFileType = sourcecode.swift; path = WheresTheWaterTests.swift; sourceTree = "<group>"; };
		B5B6590A1A097C780004F9EE /* WheresTheWater.xcdatamodel */ = {isa = PBXFileReference; lastKnownFileType = wrapper.xcdatamodel; path = WheresTheWater.xcdatamodel; sourceTree = "<group>"; };
/* End PBXFileReference section */

/* Begin PBXFrameworksBuildPhase section */
		B5B658DF1A097B5F0004F9EE /* Frameworks */ = {
			isa = PBXFrameworksBuildPhase;
			buildActionMask = 2147483647;
			files = (
			);
			runOnlyForDeploymentPostprocessing = 0;
		};
		B5B658F61A097B5F0004F9EE /* Frameworks */ = {
			isa = PBXFrameworksBuildPhase;
			buildActionMask = 2147483647;
			files = (
			);
			runOnlyForDeploymentPostprocessing = 0;
		};
/* End PBXFrameworksBuildPhase section */

/* Begin PBXGroup section */
		B5289A541A12B75300848E9F /* Products */ = {
			isa = PBXGroup;
			children = (
				B5289A591A12B75300848E9F /* Alamofire.framework */,
				B5289A5B1A12B75300848E9F /* AlamofireTests.xctest */,
			);
			name = Products;
			sourceTree = "<group>";
		};
		B5289A611A12B89600848E9F /* Products */ = {
			isa = PBXGroup;
			children = (
				B5289A681A12B89600848E9F /* SwiftyJSON.framework */,
				B5289A6A1A12B89600848E9F /* SwiftyJSONTests.xctest */,
				B5289A6C1A12B89600848E9F /* SwiftyJSON.framework */,
				B5289A6E1A12B89600848E9F /* SwiftyJSONOSXTests.xctest */,
			);
			name = Products;
			sourceTree = "<group>";
		};
		B5289A731A12B91500848E9F /* Products */ = {
			isa = PBXGroup;
			children = (
				B5289A7A1A12B91500848E9F /* AlamofireSwiftyJSON.framework */,
				B5289A7C1A12B91500848E9F /* AlamofireSwiftyJSONTests.xctest */,
			);
			name = Products;
			sourceTree = "<group>";
		};
		B5B658D91A097B5F0004F9EE = {
			isa = PBXGroup;
			children = (
				B5289A721A12B91500848E9F /* Alamofire-SwiftyJSON.xcodeproj */,
				B5289A601A12B89600848E9F /* SwiftyJSON.xcodeproj */,
				B5289A531A12B75300848E9F /* Alamofire.xcodeproj */,
				B5B658E41A097B5F0004F9EE /* WheresTheWater */,
				B5B658FC1A097B5F0004F9EE /* WheresTheWaterTests */,
				B5B658E31A097B5F0004F9EE /* Products */,
			);
			sourceTree = "<group>";
		};
		B5B658E31A097B5F0004F9EE /* Products */ = {
			isa = PBXGroup;
			children = (
				B5B658E21A097B5F0004F9EE /* WheresTheWater.app */,
				B5B658F91A097B5F0004F9EE /* WheresTheWaterTests.xctest */,
			);
			name = Products;
			sourceTree = "<group>";
		};
		B5B658E41A097B5F0004F9EE /* WheresTheWater */ = {
			isa = PBXGroup;
			children = (
				B5B658E71A097B5F0004F9EE /* AppDelegate.swift */,
				B5B658E91A097B5F0004F9EE /* FirstViewController.swift */,
				B507F5771A0C0CE900ABB751 /* RiverTableViewController.swift */,
				B5B658ED1A097B5F0004F9EE /* Main.storyboard */,
				B533EB9D1A0ABFBA00C7FFD2 /* RiverDetailViewController.swift */,
				B5B658F01A097B5F0004F9EE /* Images.xcassets */,
				B5B658F21A097B5F0004F9EE /* LaunchScreen.xib */,
				B5B658E51A097B5F0004F9EE /* Supporting Files */,
				B5B659091A097C780004F9EE /* WheresTheWater.xcdatamodeld */,
			);
			path = WheresTheWater;
			sourceTree = "<group>";
		};
		B5B658E51A097B5F0004F9EE /* Supporting Files */ = {
			isa = PBXGroup;
			children = (
				B5B658E61A097B5F0004F9EE /* Info.plist */,
			);
			name = "Supporting Files";
			sourceTree = "<group>";
		};
		B5B658FC1A097B5F0004F9EE /* WheresTheWaterTests */ = {
			isa = PBXGroup;
			children = (
				B5B658FF1A097B5F0004F9EE /* WheresTheWaterTests.swift */,
				B5B658FD1A097B5F0004F9EE /* Supporting Files */,
			);
			path = WheresTheWaterTests;
			sourceTree = "<group>";
		};
		B5B658FD1A097B5F0004F9EE /* Supporting Files */ = {
			isa = PBXGroup;
			children = (
				B5B658FE1A097B5F0004F9EE /* Info.plist */,
			);
			name = "Supporting Files";
			sourceTree = "<group>";
		};
/* End PBXGroup section */

/* Begin PBXNativeTarget section */
		B5B658E11A097B5F0004F9EE /* WheresTheWater */ = {
			isa = PBXNativeTarget;
			buildConfigurationList = B5B659031A097B5F0004F9EE /* Build configuration list for PBXNativeTarget "WheresTheWater" */;
			buildPhases = (
				B5B658DE1A097B5F0004F9EE /* Sources */,
				B5B658DF1A097B5F0004F9EE /* Frameworks */,
				B5B658E01A097B5F0004F9EE /* Resources */,
				B5C7195A1A0BEB0400716A42 /* ShellScript */,
				B5289A5E1A12B7B300848E9F /* Copy Files (1 item) */,
			);
			buildRules = (
			);
			dependencies = (
				B5289A7E1A12B93500848E9F /* PBXTargetDependency */,
				B5289A701A12B8AE00848E9F /* PBXTargetDependency */,
				B5289A5D1A12B7AC00848E9F /* PBXTargetDependency */,
			);
			name = WheresTheWater;
			productName = WheresTheWater;
			productReference = B5B658E21A097B5F0004F9EE /* WheresTheWater.app */;
			productType = "com.apple.product-type.application";
		};
		B5B658F81A097B5F0004F9EE /* WheresTheWaterTests */ = {
			isa = PBXNativeTarget;
			buildConfigurationList = B5B659061A097B5F0004F9EE /* Build configuration list for PBXNativeTarget "WheresTheWaterTests" */;
			buildPhases = (
				B5B658F51A097B5F0004F9EE /* Sources */,
				B5B658F61A097B5F0004F9EE /* Frameworks */,
				B5B658F71A097B5F0004F9EE /* Resources */,
			);
			buildRules = (
			);
			dependencies = (
				B5B658FB1A097B5F0004F9EE /* PBXTargetDependency */,
			);
			name = WheresTheWaterTests;
			productName = WheresTheWaterTests;
			productReference = B5B658F91A097B5F0004F9EE /* WheresTheWaterTests.xctest */;
			productType = "com.apple.product-type.bundle.unit-test";
		};
/* End PBXNativeTarget section */

/* Begin PBXProject section */
		B5B658DA1A097B5F0004F9EE /* Project object */ = {
			isa = PBXProject;
			attributes = {
				LastUpgradeCheck = 0610;
				ORGANIZATIONNAME = "Ben Marshall";
				TargetAttributes = {
					B5B658E11A097B5F0004F9EE = {
						CreatedOnToolsVersion = 6.1;
					};
					B5B658F81A097B5F0004F9EE = {
						CreatedOnToolsVersion = 6.1;
						TestTargetID = B5B658E11A097B5F0004F9EE;
					};
				};
			};
			buildConfigurationList = B5B658DD1A097B5F0004F9EE /* Build configuration list for PBXProject "WheresTheWater" */;
			compatibilityVersion = "Xcode 3.2";
			developmentRegion = English;
			hasScannedForEncodings = 0;
			knownRegions = (
				en,
				Base,
			);
			mainGroup = B5B658D91A097B5F0004F9EE;
			productRefGroup = B5B658E31A097B5F0004F9EE /* Products */;
			projectDirPath = "";
			projectReferences = (
				{
					ProductGroup = B5289A731A12B91500848E9F /* Products */;
					ProjectRef = B5289A721A12B91500848E9F /* Alamofire-SwiftyJSON.xcodeproj */;
				},
				{
					ProductGroup = B5289A541A12B75300848E9F /* Products */;
					ProjectRef = B5289A531A12B75300848E9F /* Alamofire.xcodeproj */;
				},
				{
					ProductGroup = B5289A611A12B89600848E9F /* Products */;
					ProjectRef = B5289A601A12B89600848E9F /* SwiftyJSON.xcodeproj */;
				},
			);
			projectRoot = "";
			targets = (
				B5B658E11A097B5F0004F9EE /* WheresTheWater */,
				B5B658F81A097B5F0004F9EE /* WheresTheWaterTests */,
			);
		};
/* End PBXProject section */

/* Begin PBXReferenceProxy section */
		B5289A591A12B75300848E9F /* Alamofire.framework */ = {
			isa = PBXReferenceProxy;
			fileType = wrapper.framework;
			path = Alamofire.framework;
			remoteRef = B5289A581A12B75300848E9F /* PBXContainerItemProxy */;
			sourceTree = BUILT_PRODUCTS_DIR;
		};
		B5289A5B1A12B75300848E9F /* AlamofireTests.xctest */ = {
			isa = PBXReferenceProxy;
			fileType = wrapper.cfbundle;
			path = AlamofireTests.xctest;
			remoteRef = B5289A5A1A12B75300848E9F /* PBXContainerItemProxy */;
			sourceTree = BUILT_PRODUCTS_DIR;
		};
		B5289A681A12B89600848E9F /* SwiftyJSON.framework */ = {
			isa = PBXReferenceProxy;
			fileType = wrapper.framework;
			path = SwiftyJSON.framework;
			remoteRef = B5289A671A12B89600848E9F /* PBXContainerItemProxy */;
			sourceTree = BUILT_PRODUCTS_DIR;
		};
		B5289A6A1A12B89600848E9F /* SwiftyJSONTests.xctest */ = {
			isa = PBXReferenceProxy;
			fileType = wrapper.cfbundle;
			path = SwiftyJSONTests.xctest;
			remoteRef = B5289A691A12B89600848E9F /* PBXContainerItemProxy */;
			sourceTree = BUILT_PRODUCTS_DIR;
		};
		B5289A6C1A12B89600848E9F /* SwiftyJSON.framework */ = {
			isa = PBXReferenceProxy;
			fileType = wrapper.framework;
			path = SwiftyJSON.framework;
			remoteRef = B5289A6B1A12B89600848E9F /* PBXContainerItemProxy */;
			sourceTree = BUILT_PRODUCTS_DIR;
		};
		B5289A6E1A12B89600848E9F /* SwiftyJSONOSXTests.xctest */ = {
			isa = PBXReferenceProxy;
			fileType = wrapper.cfbundle;
			path = SwiftyJSONOSXTests.xctest;
			remoteRef = B5289A6D1A12B89600848E9F /* PBXContainerItemProxy */;
			sourceTree = BUILT_PRODUCTS_DIR;
		};
		B5289A7A1A12B91500848E9F /* AlamofireSwiftyJSON.framework */ = {
			isa = PBXReferenceProxy;
			fileType = wrapper.framework;
			path = AlamofireSwiftyJSON.framework;
			remoteRef = B5289A791A12B91500848E9F /* PBXContainerItemProxy */;
			sourceTree = BUILT_PRODUCTS_DIR;
		};
		B5289A7C1A12B91500848E9F /* AlamofireSwiftyJSONTests.xctest */ = {
			isa = PBXReferenceProxy;
			fileType = wrapper.cfbundle;
			path = AlamofireSwiftyJSONTests.xctest;
			remoteRef = B5289A7B1A12B91500848E9F /* PBXContainerItemProxy */;
			sourceTree = BUILT_PRODUCTS_DIR;
		};
/* End PBXReferenceProxy section */

/* Begin PBXResourcesBuildPhase section */
		B5B658E01A097B5F0004F9EE /* Resources */ = {
			isa = PBXResourcesBuildPhase;
			buildActionMask = 2147483647;
			files = (
				B5B658EF1A097B5F0004F9EE /* Main.storyboard in Resources */,
				B5B658F41A097B5F0004F9EE /* LaunchScreen.xib in Resources */,
				B5B658F11A097B5F0004F9EE /* Images.xcassets in Resources */,
			);
			runOnlyForDeploymentPostprocessing = 0;
		};
		B5B658F71A097B5F0004F9EE /* Resources */ = {
			isa = PBXResourcesBuildPhase;
			buildActionMask = 2147483647;
			files = (
			);
			runOnlyForDeploymentPostprocessing = 0;
		};
/* End PBXResourcesBuildPhase section */

/* Begin PBXShellScriptBuildPhase section */
		B5C7195A1A0BEB0400716A42 /* ShellScript */ = {
			isa = PBXShellScriptBuildPhase;
			buildActionMask = 2147483647;
			files = (
			);
			inputPaths = (
			);
			outputPaths = (
			);
			runOnlyForDeploymentPostprocessing = 0;
			shellPath = /bin/sh;
			shellScript = "#!/bin/sh\n\n# Modify this to your device's IP address.\nIP=\"192.168.0.5\"\n\nif [ \"$NATIVE_ARCH\" != \"i386\" && \"$NATIVE_ARCH\" != \"x86_64\" ]; then\n# Kill any running instances and remove the app folder.\nssh root@$IP \"killall ${TARGETNAME}; rm -rf /Applications/${WRAPPER_NAME}\"\n# Self sign the build.\nldid -S $BUILT_PRODUCTS_DIR/${WRAPPER_NAME}/$TARGETNAME\n# Copy it over.\nscp -r $BUILT_PRODUCTS_DIR/${WRAPPER_NAME} root@$IP:/Applications/\nssh root@$IP \"su -c uicache mobile\"\nfi\n";
		};
/* End PBXShellScriptBuildPhase section */

/* Begin PBXSourcesBuildPhase section */
		B5B658DE1A097B5F0004F9EE /* Sources */ = {
			isa = PBXSourcesBuildPhase;
			buildActionMask = 2147483647;
			files = (
				B507F5781A0C0CE900ABB751 /* RiverTableViewController.swift in Sources */,
				B533EB9E1A0ABFBA00C7FFD2 /* RiverDetailViewController.swift in Sources */,
				B5B6590B1A097C780004F9EE /* WheresTheWater.xcdatamodeld in Sources */,
				B5B658E81A097B5F0004F9EE /* AppDelegate.swift in Sources */,
				B5B658EA1A097B5F0004F9EE /* FirstViewController.swift in Sources */,
			);
			runOnlyForDeploymentPostprocessing = 0;
		};
		B5B658F51A097B5F0004F9EE /* Sources */ = {
			isa = PBXSourcesBuildPhase;
			buildActionMask = 2147483647;
			files = (
				B5B659001A097B5F0004F9EE /* WheresTheWaterTests.swift in Sources */,
			);
			runOnlyForDeploymentPostprocessing = 0;
		};
/* End PBXSourcesBuildPhase section */

/* Begin PBXTargetDependency section */
		B5289A5D1A12B7AC00848E9F /* PBXTargetDependency */ = {
			isa = PBXTargetDependency;
			name = Alamofire;
			targetProxy = B5289A5C1A12B7AC00848E9F /* PBXContainerItemProxy */;
		};
		B5289A701A12B8AE00848E9F /* PBXTargetDependency */ = {
			isa = PBXTargetDependency;
			name = SwiftyJSON;
			targetProxy = B5289A6F1A12B8AE00848E9F /* PBXContainerItemProxy */;
		};
		B5289A7E1A12B93500848E9F /* PBXTargetDependency */ = {
			isa = PBXTargetDependency;
			name = AlamofireSwiftyJSON;
			targetProxy = B5289A7D1A12B93500848E9F /* PBXContainerItemProxy */;
		};
		B5B658FB1A097B5F0004F9EE /* PBXTargetDependency */ = {
			isa = PBXTargetDependency;
			target = B5B658E11A097B5F0004F9EE /* WheresTheWater */;
			targetProxy = B5B658FA1A097B5F0004F9EE /* PBXContainerItemProxy */;
		};
/* End PBXTargetDependency section */

/* Begin PBXVariantGroup section */
		B5B658ED1A097B5F0004F9EE /* Main.storyboard */ = {
			isa = PBXVariantGroup;
			children = (
				B5B658EE1A097B5F0004F9EE /* Base */,
			);
			name = Main.storyboard;
			sourceTree = "<group>";
		};
		B5B658F21A097B5F0004F9EE /* LaunchScreen.xib */ = {
			isa = PBXVariantGroup;
			children = (
				B5B658F31A097B5F0004F9EE /* Base */,
			);
			name = LaunchScreen.xib;
			sourceTree = "<group>";
		};
/* End PBXVariantGroup section */

/* Begin XCBuildConfiguration section */
		B5B659011A097B5F0004F9EE /* Debug */ = {
			isa = XCBuildConfiguration;
			buildSettings = {
				ALWAYS_SEARCH_USER_PATHS = NO;
				CLANG_CXX_LANGUAGE_STANDARD = "gnu++0x";
				CLANG_CXX_LIBRARY = "libc++";
				CLANG_ENABLE_MODULES = YES;
				CLANG_ENABLE_OBJC_ARC = YES;
				CLANG_WARN_BOOL_CONVERSION = YES;
				CLANG_WARN_CONSTANT_CONVERSION = YES;
				CLANG_WARN_DIRECT_OBJC_ISA_USAGE = YES_ERROR;
				CLANG_WARN_EMPTY_BODY = YES;
				CLANG_WARN_ENUM_CONVERSION = YES;
				CLANG_WARN_INT_CONVERSION = YES;
				CLANG_WARN_OBJC_ROOT_CLASS = YES_ERROR;
				CLANG_WARN_UNREACHABLE_CODE = YES;
				CLANG_WARN__DUPLICATE_METHOD_MATCH = YES;
				CODE_SIGN_IDENTITY = "-";
				"CODE_SIGN_IDENTITY[sdk=iphoneos*]" = "-";
				COPY_PHASE_STRIP = NO;
				ENABLE_STRICT_OBJC_MSGSEND = YES;
				GCC_C_LANGUAGE_STANDARD = gnu99;
				GCC_DYNAMIC_NO_PIC = NO;
				GCC_OPTIMIZATION_LEVEL = 0;
				GCC_PREPROCESSOR_DEFINITIONS = (
					"DEBUG=1",
					"$(inherited)",
				);
				GCC_SYMBOLS_PRIVATE_EXTERN = NO;
				GCC_WARN_64_TO_32_BIT_CONVERSION = YES;
				GCC_WARN_ABOUT_RETURN_TYPE = YES_ERROR;
				GCC_WARN_UNDECLARED_SELECTOR = YES;
				GCC_WARN_UNINITIALIZED_AUTOS = YES_AGGRESSIVE;
				GCC_WARN_UNUSED_FUNCTION = YES;
				GCC_WARN_UNUSED_VARIABLE = YES;
				IPHONEOS_DEPLOYMENT_TARGET = 8.1;
				MTL_ENABLE_DEBUG_INFO = YES;
				ONLY_ACTIVE_ARCH = YES;
				SDKROOT = iphoneos;
				SWIFT_OPTIMIZATION_LEVEL = "-Onone";
			};
			name = Debug;
		};
		B5B659021A097B5F0004F9EE /* Release */ = {
			isa = XCBuildConfiguration;
			buildSettings = {
				ALWAYS_SEARCH_USER_PATHS = NO;
				CLANG_CXX_LANGUAGE_STANDARD = "gnu++0x";
				CLANG_CXX_LIBRARY = "libc++";
				CLANG_ENABLE_MODULES = YES;
				CLANG_ENABLE_OBJC_ARC = YES;
				CLANG_WARN_BOOL_CONVERSION = YES;
				CLANG_WARN_CONSTANT_CONVERSION = YES;
				CLANG_WARN_DIRECT_OBJC_ISA_USAGE = YES_ERROR;
				CLANG_WARN_EMPTY_BODY = YES;
				CLANG_WARN_ENUM_CONVERSION = YES;
				CLANG_WARN_INT_CONVERSION = YES;
				CLANG_WARN_OBJC_ROOT_CLASS = YES_ERROR;
				CLANG_WARN_UNREACHABLE_CODE = YES;
				CLANG_WARN__DUPLICATE_METHOD_MATCH = YES;
				CODE_SIGN_IDENTITY = "-";
				"CODE_SIGN_IDENTITY[sdk=iphoneos*]" = "-";
				COPY_PHASE_STRIP = YES;
				ENABLE_NS_ASSERTIONS = NO;
				ENABLE_STRICT_OBJC_MSGSEND = YES;
				GCC_C_LANGUAGE_STANDARD = gnu99;
				GCC_WARN_64_TO_32_BIT_CONVERSION = YES;
				GCC_WARN_ABOUT_RETURN_TYPE = YES_ERROR;
				GCC_WARN_UNDECLARED_SELECTOR = YES;
				GCC_WARN_UNINITIALIZED_AUTOS = YES_AGGRESSIVE;
				GCC_WARN_UNUSED_FUNCTION = YES;
				GCC_WARN_UNUSED_VARIABLE = YES;
				IPHONEOS_DEPLOYMENT_TARGET = 8.1;
				MTL_ENABLE_DEBUG_INFO = NO;
				SDKROOT = iphoneos;
				VALIDATE_PRODUCT = YES;
			};
			name = Release;
		};
		B5B659041A097B5F0004F9EE /* Debug */ = {
			isa = XCBuildConfiguration;
			buildSettings = {
				ASSETCATALOG_COMPILER_APPICON_NAME = AppIcon;
				CODE_SIGN_IDENTITY = "-";
				"CODE_SIGN_IDENTITY[sdk=iphoneos*]" = "-";
				INFOPLIST_FILE = WheresTheWater/Info.plist;
				LD_RUNPATH_SEARCH_PATHS = "$(inherited) @executable_path/Frameworks";
				OTHER_CODE_SIGN_FLAGS = "";
				PRODUCT_NAME = "$(TARGET_NAME)";
				TARGETED_DEVICE_FAMILY = 1;
			};
			name = Debug;
		};
		B5B659051A097B5F0004F9EE /* Release */ = {
			isa = XCBuildConfiguration;
			buildSettings = {
				ASSETCATALOG_COMPILER_APPICON_NAME = AppIcon;
				CODE_SIGN_IDENTITY = "-";
				"CODE_SIGN_IDENTITY[sdk=iphoneos*]" = "-";
				INFOPLIST_FILE = WheresTheWater/Info.plist;
				LD_RUNPATH_SEARCH_PATHS = "$(inherited) @executable_path/Frameworks";
				OTHER_CODE_SIGN_FLAGS = "";
				PRODUCT_NAME = "$(TARGET_NAME)";
				TARGETED_DEVICE_FAMILY = 1;
			};
			name = Release;
		};
		B5B659071A097B5F0004F9EE /* Debug */ = {
			isa = XCBuildConfiguration;
			buildSettings = {
				BUNDLE_LOADER = "$(TEST_HOST)";
				FRAMEWORK_SEARCH_PATHS = (
					"$(SDKROOT)/Developer/Library/Frameworks",
					"$(inherited)",
				);
				GCC_PREPROCESSOR_DEFINITIONS = (
					"DEBUG=1",
					"$(inherited)",
				);
				INFOPLIST_FILE = WheresTheWaterTests/Info.plist;
				LD_RUNPATH_SEARCH_PATHS = "$(inherited) @executable_path/Frameworks @loader_path/Frameworks";
				PRODUCT_NAME = "$(TARGET_NAME)";
				TEST_HOST = "$(BUILT_PRODUCTS_DIR)/WheresTheWater.app/WheresTheWater";
			};
			name = Debug;
		};
		B5B659081A097B5F0004F9EE /* Release */ = {
			isa = XCBuildConfiguration;
			buildSettings = {
				BUNDLE_LOADER = "$(TEST_HOST)";
				FRAMEWORK_SEARCH_PATHS = (
					"$(SDKROOT)/Developer/Library/Frameworks",
					"$(inherited)",
				);
				INFOPLIST_FILE = WheresTheWaterTests/Info.plist;
				LD_RUNPATH_SEARCH_PATHS = "$(inherited) @executable_path/Frameworks @loader_path/Frameworks";
				PRODUCT_NAME = "$(TARGET_NAME)";
				TEST_HOST = "$(BUILT_PRODUCTS_DIR)/WheresTheWater.app/WheresTheWater";
			};
			name = Release;
		};
/* End XCBuildConfiguration section */

/* Begin XCConfigurationList section */
		B5B658DD1A097B5F0004F9EE /* Build configuration list for PBXProject "WheresTheWater" */ = {
			isa = XCConfigurationList;
			buildConfigurations = (
				B5B659011A097B5F0004F9EE /* Debug */,
				B5B659021A097B5F0004F9EE /* Release */,
			);
			defaultConfigurationIsVisible = 0;
			defaultConfigurationName = Release;
		};
		B5B659031A097B5F0004F9EE /* Build configuration list for PBXNativeTarget "WheresTheWater" */ = {
			isa = XCConfigurationList;
			buildConfigurations = (
				B5B659041A097B5F0004F9EE /* Debug */,
				B5B659051A097B5F0004F9EE /* Release */,
			);
			defaultConfigurationIsVisible = 0;
			defaultConfigurationName = Release;
		};
		B5B659061A097B5F0004F9EE /* Build configuration list for PBXNativeTarget "WheresTheWaterTests" */ = {
			isa = XCConfigurationList;
			buildConfigurations = (
				B5B659071A097B5F0004F9EE /* Debug */,
				B5B659081A097B5F0004F9EE /* Release */,
			);
			defaultConfigurationIsVisible = 0;
			defaultConfigurationName = Release;
		};
/* End XCConfigurationList section */

/* Begin XCVersionGroup section */
		B5B659091A097C780004F9EE /* WheresTheWater.xcdatamodeld */ = {
			isa = XCVersionGroup;
			children = (
				B5B6590A1A097C780004F9EE /* WheresTheWater.xcdatamodel */,
			);
			currentVersion = B5B6590A1A097C780004F9EE /* WheresTheWater.xcdatamodel */;
			path = WheresTheWater.xcdatamodeld;
			sourceTree = "<group>";
			versionGroupType = wrapper.xcdatamodel;
		};
/* End XCVersionGroup section */
	};
	rootObject = B5B658DA1A097B5F0004F9EE /* Project object */;
}
